
Microsoft Visual Studio Solution File, Format Version 12.00
# Visual Studio 14
VisualStudioVersion = 14.0.25420.1
MinimumVisualStudioVersion = 10.0.40219.1
Project("{2150E333-8FDC-42A3-9474-1A3956D46DE8}") = "src", "src", "{37C77075-57CA-47F7-877B-191B375708A7}"
EndProject
Project("{2150E333-8FDC-42A3-9474-1A3956D46DE8}") = "tests", "tests", "{D1C8D639-56DF-40EA-B94B-FC9481A48F75}"
EndProject
Project("{FAE04EC0-301F-11D3-BF4B-00C04F79EFBC}") = "MVVMonkey.Core", "src\MVVMonkey.Core.csproj", "{67F9D3A8-F71E-4428-913F-C37AE82CDB24}"
EndProject
Project("{2150E333-8FDC-42A3-9474-1A3956D46DE8}") = "playground", "playground", "{4FBC1473-6FB2-4DDC-825A-5F0D325F2C2B}"
EndProject
Project("{FAE04EC0-301F-11D3-BF4B-00C04F79EFBC}") = "MVVMonkey.Playground", "playground\MVVMonkey.Playground\MVVMonkey.Playground.csproj", "{795D84D6-76EF-4AA0-BDEE-E99F51F7BF8E}"
EndProject
Project("{FAE04EC0-301F-11D3-BF4B-00C04F79EFBC}") = "MVVMonkey.Playground.Droid", "playground\MVVMonkey.Playground.Droid\MVVMonkey.Playground.Droid.csproj", "{5126C4F3-ACE4-46CD-B47D-BC3CCCEF33A6}"
EndProject
Project("{FAE04EC0-301F-11D3-BF4B-00C04F79EFBC}") = "MVVMonkey.Playground.iOS", "playground\MVVMonkey.Playground.iOS\MVVMonkey.Playground.iOS.csproj", "{AEFB9FD0-7402-46FD-806E-0F293E4BF6B8}"
EndProject
Project("{FAE04EC0-301F-11D3-BF4B-00C04F79EFBC}") = "MVVMonkey.Playground.Windows", "playground\MVVMonkey.Playground.Windows\MVVMonkey.Playground.Windows.csproj", "{C69FA7BB-29C2-4E97-A63A-5FE7D62601B3}"
EndProject
Project("{FAE04EC0-301F-11D3-BF4B-00C04F79EFBC}") = "MVVMonkey.Playground.WinPhone", "playground\MVVMonkey.Playground.WinPhone\MVVMonkey.Playground.WinPhone.csproj", "{D21C6015-BAA3-4A5E-8249-81512C380A17}"
EndProject
Global
	GlobalSection(SolutionConfigurationPlatforms) = preSolution
		Ad-Hoc|Any CPU = Ad-Hoc|Any CPU
		Ad-Hoc|ARM = Ad-Hoc|ARM
		Ad-Hoc|iPhone = Ad-Hoc|iPhone
		Ad-Hoc|iPhoneSimulator = Ad-Hoc|iPhoneSimulator
		Ad-Hoc|x64 = Ad-Hoc|x64
		Ad-Hoc|x86 = Ad-Hoc|x86
		AppStore|Any CPU = AppStore|Any CPU
		AppStore|ARM = AppStore|ARM
		AppStore|iPhone = AppStore|iPhone
		AppStore|iPhoneSimulator = AppStore|iPhoneSimulator
		AppStore|x64 = AppStore|x64
		AppStore|x86 = AppStore|x86
		Debug|Any CPU = Debug|Any CPU
		Debug|ARM = Debug|ARM
		Debug|iPhone = Debug|iPhone
		Debug|iPhoneSimulator = Debug|iPhoneSimulator
		Debug|x64 = Debug|x64
		Debug|x86 = Debug|x86
		Release|Any CPU = Release|Any CPU
		Release|ARM = Release|ARM
		Release|iPhone = Release|iPhone
		Release|iPhoneSimulator = Release|iPhoneSimulator
		Release|x64 = Release|x64
		Release|x86 = Release|x86
	EndGlobalSection
	GlobalSection(ProjectConfigurationPlatforms) = postSolution
		{67F9D3A8-F71E-4428-913F-C37AE82CDB24}.Ad-Hoc|Any CPU.ActiveCfg = Release|Any CPU
		{67F9D3A8-F71E-4428-913F-C37AE82CDB24}.Ad-Hoc|Any CPU.Build.0 = Release|Any CPU
		{67F9D3A8-F71E-4428-913F-C37AE82CDB24}.Ad-Hoc|ARM.ActiveCfg = Release|Any CPU
		{67F9D3A8-F71E-4428-913F-C37AE82CDB24}.Ad-Hoc|ARM.Build.0 = Release|Any CPU
		{67F9D3A8-F71E-4428-913F-C37AE82CDB24}.Ad-Hoc|iPhone.ActiveCfg = Release|Any CPU
		{67F9D3A8-F71E-4428-913F-C37AE82CDB24}.Ad-Hoc|iPhone.Build.0 = Release|Any CPU
		{67F9D3A8-F71E-4428-913F-C37AE82CDB24}.Ad-Hoc|iPhoneSimulator.ActiveCfg = Release|Any CPU
		{67F9D3A8-F71E-4428-913F-C37AE82CDB24}.Ad-Hoc|iPhoneSimulator.Build.0 = Release|Any CPU
		{67F9D3A8-F71E-4428-913F-C37AE82CDB24}.Ad-Hoc|x64.ActiveCfg = Release|Any CPU
		{67F9D3A8-F71E-4428-913F-C37AE82CDB24}.Ad-Hoc|x64.Build.0 = Release|Any CPU
		{67F9D3A8-F71E-4428-913F-C37AE82CDB24}.Ad-Hoc|x86.ActiveCfg = Release|Any CPU
		{67F9D3A8-F71E-4428-913F-C37AE82CDB24}.Ad-Hoc|x86.Build.0 = Release|Any CPU
		{67F9D3A8-F71E-4428-913F-C37AE82CDB24}.AppStore|Any CPU.ActiveCfg = Release|Any CPU
		{67F9D3A8-F71E-4428-913F-C37AE82CDB24}.AppStore|Any CPU.Build.0 = Release|Any CPU
		{67F9D3A8-F71E-4428-913F-C37AE82CDB24}.AppStore|ARM.ActiveCfg = Release|Any CPU
		{67F9D3A8-F71E-4428-913F-C37AE82CDB24}.AppStore|ARM.Build.0 = Release|Any CPU
		{67F9D3A8-F71E-4428-913F-C37AE82CDB24}.AppStore|iPhone.ActiveCfg = Release|Any CPU
		{67F9D3A8-F71E-4428-913F-C37AE82CDB24}.AppStore|iPhone.Build.0 = Release|Any CPU
		{67F9D3A8-F71E-4428-913F-C37AE82CDB24}.AppStore|iPhoneSimulator.ActiveCfg = Release|Any CPU
		{67F9D3A8-F71E-4428-913F-C37AE82CDB24}.AppStore|iPhoneSimulator.Build.0 = Release|Any CPU
		{67F9D3A8-F71E-4428-913F-C37AE82CDB24}.AppStore|x64.ActiveCfg = Release|Any CPU
		{67F9D3A8-F71E-4428-913F-C37AE82CDB24}.AppStore|x64.Build.0 = Release|Any CPU
		{67F9D3A8-F71E-4428-913F-C37AE82CDB24}.AppStore|x86.ActiveCfg = Release|Any CPU
		{67F9D3A8-F71E-4428-913F-C37AE82CDB24}.AppStore|x86.Build.0 = Release|Any CPU
		{67F9D3A8-F71E-4428-913F-C37AE82CDB24}.Debug|Any CPU.ActiveCfg = Debug|Any CPU
		{67F9D3A8-F71E-4428-913F-C37AE82CDB24}.Debug|Any CPU.Build.0 = Debug|Any CPU
		{67F9D3A8-F71E-4428-913F-C37AE82CDB24}.Debug|ARM.ActiveCfg = Debug|Any CPU
		{67F9D3A8-F71E-4428-913F-C37AE82CDB24}.Debug|ARM.Build.0 = Debug|Any CPU
		{67F9D3A8-F71E-4428-913F-C37AE82CDB24}.Debug|iPhone.ActiveCfg = Debug|Any CPU
		{67F9D3A8-F71E-4428-913F-C37AE82CDB24}.Debug|iPhone.Build.0 = Debug|Any CPU
		{67F9D3A8-F71E-4428-913F-C37AE82CDB24}.Debug|iPhoneSimulator.ActiveCfg = Debug|Any CPU
		{67F9D3A8-F71E-4428-913F-C37AE82CDB24}.Debug|iPhoneSimulator.Build.0 = Debug|Any CPU
		{67F9D3A8-F71E-4428-913F-C37AE82CDB24}.Debug|x64.ActiveCfg = Debug|Any CPU
		{67F9D3A8-F71E-4428-913F-C37AE82CDB24}.Debug|x64.Build.0 = Debug|Any CPU
		{67F9D3A8-F71E-4428-913F-C37AE82CDB24}.Debug|x86.ActiveCfg = Debug|Any CPU
		{67F9D3A8-F71E-4428-913F-C37AE82CDB24}.Debug|x86.Build.0 = Debug|Any CPU
		{67F9D3A8-F71E-4428-913F-C37AE82CDB24}.Release|Any CPU.ActiveCfg = Release|Any CPU
		{67F9D3A8-F71E-4428-913F-C37AE82CDB24}.Release|Any CPU.Build.0 = Release|Any CPU
		{67F9D3A8-F71E-4428-913F-C37AE82CDB24}.Release|ARM.ActiveCfg = Release|Any CPU
		{67F9D3A8-F71E-4428-913F-C37AE82CDB24}.Release|ARM.Build.0 = Release|Any CPU
		{67F9D3A8-F71E-4428-913F-C37AE82CDB24}.Release|iPhone.ActiveCfg = Release|Any CPU
		{67F9D3A8-F71E-4428-913F-C37AE82CDB24}.Release|iPhone.Build.0 = Release|Any CPU
		{67F9D3A8-F71E-4428-913F-C37AE82CDB24}.Release|iPhoneSimulator.ActiveCfg = Release|Any CPU
		{67F9D3A8-F71E-4428-913F-C37AE82CDB24}.Release|iPhoneSimulator.Build.0 = Release|Any CPU
		{67F9D3A8-F71E-4428-913F-C37AE82CDB24}.Release|x64.ActiveCfg = Release|Any CPU
		{67F9D3A8-F71E-4428-913F-C37AE82CDB24}.Release|x64.Build.0 = Release|Any CPU
		{67F9D3A8-F71E-4428-913F-C37AE82CDB24}.Release|x86.ActiveCfg = Release|Any CPU
		{67F9D3A8-F71E-4428-913F-C37AE82CDB24}.Release|x86.Build.0 = Release|Any CPU
		{795D84D6-76EF-4AA0-BDEE-E99F51F7BF8E}.Ad-Hoc|Any CPU.ActiveCfg = Release|Any CPU
		{795D84D6-76EF-4AA0-BDEE-E99F51F7BF8E}.Ad-Hoc|Any CPU.Build.0 = Release|Any CPU
		{795D84D6-76EF-4AA0-BDEE-E99F51F7BF8E}.Ad-Hoc|ARM.ActiveCfg = Release|Any CPU
		{795D84D6-76EF-4AA0-BDEE-E99F51F7BF8E}.Ad-Hoc|ARM.Build.0 = Release|Any CPU
		{795D84D6-76EF-4AA0-BDEE-E99F51F7BF8E}.Ad-Hoc|iPhone.ActiveCfg = Release|Any CPU
		{795D84D6-76EF-4AA0-BDEE-E99F51F7BF8E}.Ad-Hoc|iPhone.Build.0 = Release|Any CPU
		{795D84D6-76EF-4AA0-BDEE-E99F51F7BF8E}.Ad-Hoc|iPhoneSimulator.ActiveCfg = Release|Any CPU
		{795D84D6-76EF-4AA0-BDEE-E99F51F7BF8E}.Ad-Hoc|iPhoneSimulator.Build.0 = Release|Any CPU
		{795D84D6-76EF-4AA0-BDEE-E99F51F7BF8E}.Ad-Hoc|x64.ActiveCfg = Release|Any CPU
		{795D84D6-76EF-4AA0-BDEE-E99F51F7BF8E}.Ad-Hoc|x64.Build.0 = Release|Any CPU
		{795D84D6-76EF-4AA0-BDEE-E99F51F7BF8E}.Ad-Hoc|x86.ActiveCfg = Release|Any CPU
		{795D84D6-76EF-4AA0-BDEE-E99F51F7BF8E}.Ad-Hoc|x86.Build.0 = Release|Any CPU
		{795D84D6-76EF-4AA0-BDEE-E99F51F7BF8E}.AppStore|Any CPU.ActiveCfg = Release|Any CPU
		{795D84D6-76EF-4AA0-BDEE-E99F51F7BF8E}.AppStore|Any CPU.Build.0 = Release|Any CPU
		{795D84D6-76EF-4AA0-BDEE-E99F51F7BF8E}.AppStore|ARM.ActiveCfg = Release|Any CPU
		{795D84D6-76EF-4AA0-BDEE-E99F51F7BF8E}.AppStore|ARM.Build.0 = Release|Any CPU
		{795D84D6-76EF-4AA0-BDEE-E99F51F7BF8E}.AppStore|iPhone.ActiveCfg = Release|Any CPU
		{795D84D6-76EF-4AA0-BDEE-E99F51F7BF8E}.AppStore|iPhone.Build.0 = Release|Any CPU
		{795D84D6-76EF-4AA0-BDEE-E99F51F7BF8E}.AppStore|iPhoneSimulator.ActiveCfg = Release|Any CPU
		{795D84D6-76EF-4AA0-BDEE-E99F51F7BF8E}.AppStore|iPhoneSimulator.Build.0 = Release|Any CPU
		{795D84D6-76EF-4AA0-BDEE-E99F51F7BF8E}.AppStore|x64.ActiveCfg = Release|Any CPU
		{795D84D6-76EF-4AA0-BDEE-E99F51F7BF8E}.AppStore|x64.Build.0 = Release|Any CPU
		{795D84D6-76EF-4AA0-BDEE-E99F51F7BF8E}.AppStore|x86.ActiveCfg = Release|Any CPU
		{795D84D6-76EF-4AA0-BDEE-E99F51F7BF8E}.AppStore|x86.Build.0 = Release|Any CPU
		{795D84D6-76EF-4AA0-BDEE-E99F51F7BF8E}.Debug|Any CPU.ActiveCfg = Debug|Any CPU
		{795D84D6-76EF-4AA0-BDEE-E99F51F7BF8E}.Debug|Any CPU.Build.0 = Debug|Any CPU
		{795D84D6-76EF-4AA0-BDEE-E99F51F7BF8E}.Debug|ARM.ActiveCfg = Debug|Any CPU
		{795D84D6-76EF-4AA0-BDEE-E99F51F7BF8E}.Debug|ARM.Build.0 = Debug|Any CPU
		{795D84D6-76EF-4AA0-BDEE-E99F51F7BF8E}.Debug|iPhone.ActiveCfg = Debug|Any CPU
		{795D84D6-76EF-4AA0-BDEE-E99F51F7BF8E}.Debug|iPhone.Build.0 = Debug|Any CPU
		{795D84D6-76EF-4AA0-BDEE-E99F51F7BF8E}.Debug|iPhoneSimulator.ActiveCfg = Debug|Any CPU
		{795D84D6-76EF-4AA0-BDEE-E99F51F7BF8E}.Debug|iPhoneSimulator.Build.0 = Debug|Any CPU
		{795D84D6-76EF-4AA0-BDEE-E99F51F7BF8E}.Debug|x64.ActiveCfg = Debug|Any CPU
		{795D84D6-76EF-4AA0-BDEE-E99F51F7BF8E}.Debug|x64.Build.0 = Debug|Any CPU
		{795D84D6-76EF-4AA0-BDEE-E99F51F7BF8E}.Debug|x86.ActiveCfg = Debug|Any CPU
		{795D84D6-76EF-4AA0-BDEE-E99F51F7BF8E}.Debug|x86.Build.0 = Debug|Any CPU
		{795D84D6-76EF-4AA0-BDEE-E99F51F7BF8E}.Release|Any CPU.ActiveCfg = Release|Any CPU
		{795D84D6-76EF-4AA0-BDEE-E99F51F7BF8E}.Release|Any CPU.Build.0 = Release|Any CPU
		{795D84D6-76EF-4AA0-BDEE-E99F51F7BF8E}.Release|ARM.ActiveCfg = Release|Any CPU
		{795D84D6-76EF-4AA0-BDEE-E99F51F7BF8E}.Release|ARM.Build.0 = Release|Any CPU
		{795D84D6-76EF-4AA0-BDEE-E99F51F7BF8E}.Release|iPhone.ActiveCfg = Release|Any CPU
		{795D84D6-76EF-4AA0-BDEE-E99F51F7BF8E}.Release|iPhone.Build.0 = Release|Any CPU
		{795D84D6-76EF-4AA0-BDEE-E99F51F7BF8E}.Release|iPhoneSimulator.ActiveCfg = Release|Any CPU
		{795D84D6-76EF-4AA0-BDEE-E99F51F7BF8E}.Release|iPhoneSimulator.Build.0 = Release|Any CPU
		{795D84D6-76EF-4AA0-BDEE-E99F51F7BF8E}.Release|x64.ActiveCfg = Release|Any CPU
		{795D84D6-76EF-4AA0-BDEE-E99F51F7BF8E}.Release|x64.Build.0 = Release|Any CPU
		{795D84D6-76EF-4AA0-BDEE-E99F51F7BF8E}.Release|x86.ActiveCfg = Release|Any CPU
		{795D84D6-76EF-4AA0-BDEE-E99F51F7BF8E}.Release|x86.Build.0 = Release|Any CPU
		{5126C4F3-ACE4-46CD-B47D-BC3CCCEF33A6}.Ad-Hoc|Any CPU.ActiveCfg = Release|Any CPU
		{5126C4F3-ACE4-46CD-B47D-BC3CCCEF33A6}.Ad-Hoc|Any CPU.Build.0 = Release|Any CPU
		{5126C4F3-ACE4-46CD-B47D-BC3CCCEF33A6}.Ad-Hoc|Any CPU.Deploy.0 = Release|Any CPU
		{5126C4F3-ACE4-46CD-B47D-BC3CCCEF33A6}.Ad-Hoc|ARM.ActiveCfg = Release|Any CPU
		{5126C4F3-ACE4-46CD-B47D-BC3CCCEF33A6}.Ad-Hoc|ARM.Build.0 = Release|Any CPU
		{5126C4F3-ACE4-46CD-B47D-BC3CCCEF33A6}.Ad-Hoc|ARM.Deploy.0 = Release|Any CPU
		{5126C4F3-ACE4-46CD-B47D-BC3CCCEF33A6}.Ad-Hoc|iPhone.ActiveCfg = Release|Any CPU
		{5126C4F3-ACE4-46CD-B47D-BC3CCCEF33A6}.Ad-Hoc|iPhone.Build.0 = Release|Any CPU
		{5126C4F3-ACE4-46CD-B47D-BC3CCCEF33A6}.Ad-Hoc|iPhone.Deploy.0 = Release|Any CPU
		{5126C4F3-ACE4-46CD-B47D-BC3CCCEF33A6}.Ad-Hoc|iPhoneSimulator.ActiveCfg = Release|Any CPU
		{5126C4F3-ACE4-46CD-B47D-BC3CCCEF33A6}.Ad-Hoc|iPhoneSimulator.Build.0 = Release|Any CPU
		{5126C4F3-ACE4-46CD-B47D-BC3CCCEF33A6}.Ad-Hoc|iPhoneSimulator.Deploy.0 = Release|Any CPU
		{5126C4F3-ACE4-46CD-B47D-BC3CCCEF33A6}.Ad-Hoc|x64.ActiveCfg = Release|Any CPU
		{5126C4F3-ACE4-46CD-B47D-BC3CCCEF33A6}.Ad-Hoc|x64.Build.0 = Release|Any CPU
		{5126C4F3-ACE4-46CD-B47D-BC3CCCEF33A6}.Ad-Hoc|x64.Deploy.0 = Release|Any CPU
		{5126C4F3-ACE4-46CD-B47D-BC3CCCEF33A6}.Ad-Hoc|x86.ActiveCfg = Release|Any CPU
		{5126C4F3-ACE4-46CD-B47D-BC3CCCEF33A6}.Ad-Hoc|x86.Build.0 = Release|Any CPU
		{5126C4F3-ACE4-46CD-B47D-BC3CCCEF33A6}.Ad-Hoc|x86.Deploy.0 = Release|Any CPU
		{5126C4F3-ACE4-46CD-B47D-BC3CCCEF33A6}.AppStore|Any CPU.ActiveCfg = Release|Any CPU
		{5126C4F3-ACE4-46CD-B47D-BC3CCCEF33A6}.AppStore|Any CPU.Build.0 = Release|Any CPU
		{5126C4F3-ACE4-46CD-B47D-BC3CCCEF33A6}.AppStore|Any CPU.Deploy.0 = Release|Any CPU
		{5126C4F3-ACE4-46CD-B47D-BC3CCCEF33A6}.AppStore|ARM.ActiveCfg = Release|Any CPU
		{5126C4F3-ACE4-46CD-B47D-BC3CCCEF33A6}.AppStore|ARM.Build.0 = Release|Any CPU
		{5126C4F3-ACE4-46CD-B47D-BC3CCCEF33A6}.AppStore|ARM.Deploy.0 = Release|Any CPU
		{5126C4F3-ACE4-46CD-B47D-BC3CCCEF33A6}.AppStore|iPhone.ActiveCfg = Release|Any CPU
		{5126C4F3-ACE4-46CD-B47D-BC3CCCEF33A6}.AppStore|iPhone.Build.0 = Release|Any CPU
		{5126C4F3-ACE4-46CD-B47D-BC3CCCEF33A6}.AppStore|iPhone.Deploy.0 = Release|Any CPU
		{5126C4F3-ACE4-46CD-B47D-BC3CCCEF33A6}.AppStore|iPhoneSimulator.ActiveCfg = Release|Any CPU
		{5126C4F3-ACE4-46CD-B47D-BC3CCCEF33A6}.AppStore|iPhoneSimulator.Build.0 = Release|Any CPU
		{5126C4F3-ACE4-46CD-B47D-BC3CCCEF33A6}.AppStore|iPhoneSimulator.Deploy.0 = Release|Any CPU
		{5126C4F3-ACE4-46CD-B47D-BC3CCCEF33A6}.AppStore|x64.ActiveCfg = Release|Any CPU
		{5126C4F3-ACE4-46CD-B47D-BC3CCCEF33A6}.AppStore|x64.Build.0 = Release|Any CPU
		{5126C4F3-ACE4-46CD-B47D-BC3CCCEF33A6}.AppStore|x64.Deploy.0 = Release|Any CPU
		{5126C4F3-ACE4-46CD-B47D-BC3CCCEF33A6}.AppStore|x86.ActiveCfg = Release|Any CPU
		{5126C4F3-ACE4-46CD-B47D-BC3CCCEF33A6}.AppStore|x86.Build.0 = Release|Any CPU
		{5126C4F3-ACE4-46CD-B47D-BC3CCCEF33A6}.AppStore|x86.Deploy.0 = Release|Any CPU
		{5126C4F3-ACE4-46CD-B47D-BC3CCCEF33A6}.Debug|Any CPU.ActiveCfg = Debug|Any CPU
		{5126C4F3-ACE4-46CD-B47D-BC3CCCEF33A6}.Debug|Any CPU.Build.0 = Debug|Any CPU
		{5126C4F3-ACE4-46CD-B47D-BC3CCCEF33A6}.Debug|Any CPU.Deploy.0 = Debug|Any CPU
		{5126C4F3-ACE4-46CD-B47D-BC3CCCEF33A6}.Debug|ARM.ActiveCfg = Debug|Any CPU
		{5126C4F3-ACE4-46CD-B47D-BC3CCCEF33A6}.Debug|ARM.Build.0 = Debug|Any CPU
		{5126C4F3-ACE4-46CD-B47D-BC3CCCEF33A6}.Debug|ARM.Deploy.0 = Debug|Any CPU
		{5126C4F3-ACE4-46CD-B47D-BC3CCCEF33A6}.Debug|iPhone.ActiveCfg = Debug|Any CPU
		{5126C4F3-ACE4-46CD-B47D-BC3CCCEF33A6}.Debug|iPhone.Build.0 = Debug|Any CPU
		{5126C4F3-ACE4-46CD-B47D-BC3CCCEF33A6}.Debug|iPhone.Deploy.0 = Debug|Any CPU
		{5126C4F3-ACE4-46CD-B47D-BC3CCCEF33A6}.Debug|iPhoneSimulator.ActiveCfg = Debug|Any CPU
		{5126C4F3-ACE4-46CD-B47D-BC3CCCEF33A6}.Debug|iPhoneSimulator.Build.0 = Debug|Any CPU
		{5126C4F3-ACE4-46CD-B47D-BC3CCCEF33A6}.Debug|iPhoneSimulator.Deploy.0 = Debug|Any CPU
		{5126C4F3-ACE4-46CD-B47D-BC3CCCEF33A6}.Debug|x64.ActiveCfg = Debug|Any CPU
		{5126C4F3-ACE4-46CD-B47D-BC3CCCEF33A6}.Debug|x64.Build.0 = Debug|Any CPU
		{5126C4F3-ACE4-46CD-B47D-BC3CCCEF33A6}.Debug|x64.Deploy.0 = Debug|Any CPU
		{5126C4F3-ACE4-46CD-B47D-BC3CCCEF33A6}.Debug|x86.ActiveCfg = Debug|Any CPU
		{5126C4F3-ACE4-46CD-B47D-BC3CCCEF33A6}.Debug|x86.Build.0 = Debug|Any CPU
		{5126C4F3-ACE4-46CD-B47D-BC3CCCEF33A6}.Debug|x86.Deploy.0 = Debug|Any CPU
		{5126C4F3-ACE4-46CD-B47D-BC3CCCEF33A6}.Release|Any CPU.ActiveCfg = Release|Any CPU
		{5126C4F3-ACE4-46CD-B47D-BC3CCCEF33A6}.Release|Any CPU.Build.0 = Release|Any CPU
		{5126C4F3-ACE4-46CD-B47D-BC3CCCEF33A6}.Release|Any CPU.Deploy.0 = Release|Any CPU
		{5126C4F3-ACE4-46CD-B47D-BC3CCCEF33A6}.Release|ARM.ActiveCfg = Release|Any CPU
		{5126C4F3-ACE4-46CD-B47D-BC3CCCEF33A6}.Release|ARM.Build.0 = Release|Any CPU
		{5126C4F3-ACE4-46CD-B47D-BC3CCCEF33A6}.Release|ARM.Deploy.0 = Release|Any CPU
		{5126C4F3-ACE4-46CD-B47D-BC3CCCEF33A6}.Release|iPhone.ActiveCfg = Release|Any CPU
		{5126C4F3-ACE4-46CD-B47D-BC3CCCEF33A6}.Release|iPhone.Build.0 = Release|Any CPU
		{5126C4F3-ACE4-46CD-B47D-BC3CCCEF33A6}.Release|iPhone.Deploy.0 = Release|Any CPU
		{5126C4F3-ACE4-46CD-B47D-BC3CCCEF33A6}.Release|iPhoneSimulator.ActiveCfg = Release|Any CPU
		{5126C4F3-ACE4-46CD-B47D-BC3CCCEF33A6}.Release|iPhoneSimulator.Build.0 = Release|Any CPU
		{5126C4F3-ACE4-46CD-B47D-BC3CCCEF33A6}.Release|iPhoneSimulator.Deploy.0 = Release|Any CPU
		{5126C4F3-ACE4-46CD-B47D-BC3CCCEF33A6}.Release|x64.ActiveCfg = Release|Any CPU
		{5126C4F3-ACE4-46CD-B47D-BC3CCCEF33A6}.Release|x64.Build.0 = Release|Any CPU
		{5126C4F3-ACE4-46CD-B47D-BC3CCCEF33A6}.Release|x64.Deploy.0 = Release|Any CPU
		{5126C4F3-ACE4-46CD-B47D-BC3CCCEF33A6}.Release|x86.ActiveCfg = Release|Any CPU
		{5126C4F3-ACE4-46CD-B47D-BC3CCCEF33A6}.Release|x86.Build.0 = Release|Any CPU
		{5126C4F3-ACE4-46CD-B47D-BC3CCCEF33A6}.Release|x86.Deploy.0 = Release|Any CPU
		{AEFB9FD0-7402-46FD-806E-0F293E4BF6B8}.Ad-Hoc|Any CPU.ActiveCfg = Ad-Hoc|iPhone
		{AEFB9FD0-7402-46FD-806E-0F293E4BF6B8}.Ad-Hoc|ARM.ActiveCfg = Ad-Hoc|iPhone
		{AEFB9FD0-7402-46FD-806E-0F293E4BF6B8}.Ad-Hoc|iPhone.ActiveCfg = Ad-Hoc|iPhone
		{AEFB9FD0-7402-46FD-806E-0F293E4BF6B8}.Ad-Hoc|iPhone.Build.0 = Ad-Hoc|iPhone
		{AEFB9FD0-7402-46FD-806E-0F293E4BF6B8}.Ad-Hoc|iPhoneSimulator.ActiveCfg = Ad-Hoc|iPhoneSimulator
		{AEFB9FD0-7402-46FD-806E-0F293E4BF6B8}.Ad-Hoc|iPhoneSimulator.Build.0 = Ad-Hoc|iPhoneSimulator
		{AEFB9FD0-7402-46FD-806E-0F293E4BF6B8}.Ad-Hoc|x64.ActiveCfg = Ad-Hoc|iPhone
		{AEFB9FD0-7402-46FD-806E-0F293E4BF6B8}.Ad-Hoc|x86.ActiveCfg = Ad-Hoc|iPhone
		{AEFB9FD0-7402-46FD-806E-0F293E4BF6B8}.AppStore|Any CPU.ActiveCfg = AppStore|iPhone
		{AEFB9FD0-7402-46FD-806E-0F293E4BF6B8}.AppStore|ARM.ActiveCfg = AppStore|iPhone
		{AEFB9FD0-7402-46FD-806E-0F293E4BF6B8}.AppStore|iPhone.ActiveCfg = AppStore|iPhone
		{AEFB9FD0-7402-46FD-806E-0F293E4BF6B8}.AppStore|iPhone.Build.0 = AppStore|iPhone
		{AEFB9FD0-7402-46FD-806E-0F293E4BF6B8}.AppStore|iPhoneSimulator.ActiveCfg = AppStore|iPhoneSimulator
		{AEFB9FD0-7402-46FD-806E-0F293E4BF6B8}.AppStore|iPhoneSimulator.Build.0 = AppStore|iPhoneSimulator
		{AEFB9FD0-7402-46FD-806E-0F293E4BF6B8}.AppStore|x64.ActiveCfg = AppStore|iPhone
		{AEFB9FD0-7402-46FD-806E-0F293E4BF6B8}.AppStore|x86.ActiveCfg = AppStore|iPhone
		{AEFB9FD0-7402-46FD-806E-0F293E4BF6B8}.Debug|Any CPU.ActiveCfg = Debug|iPhone
		{AEFB9FD0-7402-46FD-806E-0F293E4BF6B8}.Debug|ARM.ActiveCfg = Debug|iPhone
		{AEFB9FD0-7402-46FD-806E-0F293E4BF6B8}.Debug|iPhone.ActiveCfg = Debug|iPhone
		{AEFB9FD0-7402-46FD-806E-0F293E4BF6B8}.Debug|iPhone.Build.0 = Debug|iPhone
		{AEFB9FD0-7402-46FD-806E-0F293E4BF6B8}.Debug|iPhoneSimulator.ActiveCfg = Debug|iPhoneSimulator
		{AEFB9FD0-7402-46FD-806E-0F293E4BF6B8}.Debug|iPhoneSimulator.Build.0 = Debug|iPhoneSimulator
		{AEFB9FD0-7402-46FD-806E-0F293E4BF6B8}.Debug|x64.ActiveCfg = Debug|iPhone
		{AEFB9FD0-7402-46FD-806E-0F293E4BF6B8}.Debug|x86.ActiveCfg = Debug|iPhone
		{AEFB9FD0-7402-46FD-806E-0F293E4BF6B8}.Release|Any CPU.ActiveCfg = Release|iPhone
		{AEFB9FD0-7402-46FD-806E-0F293E4BF6B8}.Release|ARM.ActiveCfg = Release|iPhone
		{AEFB9FD0-7402-46FD-806E-0F293E4BF6B8}.Release|iPhone.ActiveCfg = Release|iPhone
		{AEFB9FD0-7402-46FD-806E-0F293E4BF6B8}.Release|iPhone.Build.0 = Release|iPhone
		{AEFB9FD0-7402-46FD-806E-0F293E4BF6B8}.Release|iPhoneSimulator.ActiveCfg = Release|iPhoneSimulator
		{AEFB9FD0-7402-46FD-806E-0F293E4BF6B8}.Release|iPhoneSimulator.Build.0 = Release|iPhoneSimulator
		{AEFB9FD0-7402-46FD-806E-0F293E4BF6B8}.Release|x64.ActiveCfg = Release|iPhone
		{AEFB9FD0-7402-46FD-806E-0F293E4BF6B8}.Release|x86.ActiveCfg = Release|iPhone
		{C69FA7BB-29C2-4E97-A63A-5FE7D62601B3}.Ad-Hoc|Any CPU.ActiveCfg = Release|Any CPU
		{C69FA7BB-29C2-4E97-A63A-5FE7D62601B3}.Ad-Hoc|Any CPU.Build.0 = Release|Any CPU
		{C69FA7BB-29C2-4E97-A63A-5FE7D62601B3}.Ad-Hoc|Any CPU.Deploy.0 = Release|Any CPU
		{C69FA7BB-29C2-4E97-A63A-5FE7D62601B3}.Ad-Hoc|ARM.ActiveCfg = Release|ARM
		{C69FA7BB-29C2-4E97-A63A-5FE7D62601B3}.Ad-Hoc|ARM.Build.0 = Release|ARM
		{C69FA7BB-29C2-4E97-A63A-5FE7D62601B3}.Ad-Hoc|ARM.Deploy.0 = Release|ARM
		{C69FA7BB-29C2-4E97-A63A-5FE7D62601B3}.Ad-Hoc|iPhone.ActiveCfg = Release|Any CPU
		{C69FA7BB-29C2-4E97-A63A-5FE7D62601B3}.Ad-Hoc|iPhone.Build.0 = Release|Any CPU
		{C69FA7BB-29C2-4E97-A63A-5FE7D62601B3}.Ad-Hoc|iPhone.Deploy.0 = Release|Any CPU
		{C69FA7BB-29C2-4E97-A63A-5FE7D62601B3}.Ad-Hoc|iPhoneSimulator.ActiveCfg = Release|Any CPU
		{C69FA7BB-29C2-4E97-A63A-5FE7D62601B3}.Ad-Hoc|iPhoneSimulator.Build.0 = Release|Any CPU
		{C69FA7BB-29C2-4E97-A63A-5FE7D62601B3}.Ad-Hoc|iPhoneSimulator.Deploy.0 = Release|Any CPU
		{C69FA7BB-29C2-4E97-A63A-5FE7D62601B3}.Ad-Hoc|x64.ActiveCfg = Release|x64
		{C69FA7BB-29C2-4E97-A63A-5FE7D62601B3}.Ad-Hoc|x64.Build.0 = Release|x64
		{C69FA7BB-29C2-4E97-A63A-5FE7D62601B3}.Ad-Hoc|x64.Deploy.0 = Release|x64
		{C69FA7BB-29C2-4E97-A63A-5FE7D62601B3}.Ad-Hoc|x86.ActiveCfg = Release|x86
		{C69FA7BB-29C2-4E97-A63A-5FE7D62601B3}.Ad-Hoc|x86.Build.0 = Release|x86
		{C69FA7BB-29C2-4E97-A63A-5FE7D62601B3}.Ad-Hoc|x86.Deploy.0 = Release|x86
		{C69FA7BB-29C2-4E97-A63A-5FE7D62601B3}.AppStore|Any CPU.ActiveCfg = Release|Any CPU
		{C69FA7BB-29C2-4E97-A63A-5FE7D62601B3}.AppStore|Any CPU.Build.0 = Release|Any CPU
		{C69FA7BB-29C2-4E97-A63A-5FE7D62601B3}.AppStore|Any CPU.Deploy.0 = Release|Any CPU
		{C69FA7BB-29C2-4E97-A63A-5FE7D62601B3}.AppStore|ARM.ActiveCfg = Release|ARM
		{C69FA7BB-29C2-4E97-A63A-5FE7D62601B3}.AppStore|ARM.Build.0 = Release|ARM
		{C69FA7BB-29C2-4E97-A63A-5FE7D62601B3}.AppStore|ARM.Deploy.0 = Release|ARM
		{C69FA7BB-29C2-4E97-A63A-5FE7D62601B3}.AppStore|iPhone.ActiveCfg = Release|Any CPU
		{C69FA7BB-29C2-4E97-A63A-5FE7D62601B3}.AppStore|iPhone.Build.0 = Release|Any CPU
		{C69FA7BB-29C2-4E97-A63A-5FE7D62601B3}.AppStore|iPhone.Deploy.0 = Release|Any CPU
		{C69FA7BB-29C2-4E97-A63A-5FE7D62601B3}.AppStore|iPhoneSimulator.ActiveCfg = Release|Any CPU
		{C69FA7BB-29C2-4E97-A63A-5FE7D62601B3}.AppStore|iPhoneSimulator.Build.0 = Release|Any CPU
		{C69FA7BB-29C2-4E97-A63A-5FE7D62601B3}.AppStore|iPhoneSimulator.Deploy.0 = Release|Any CPU
		{C69FA7BB-29C2-4E97-A63A-5FE7D62601B3}.AppStore|x64.ActiveCfg = Release|x64
		{C69FA7BB-29C2-4E97-A63A-5FE7D62601B3}.AppStore|x64.Build.0 = Release|x64
		{C69FA7BB-29C2-4E97-A63A-5FE7D62601B3}.AppStore|x64.Deploy.0 = Release|x64
		{C69FA7BB-29C2-4E97-A63A-5FE7D62601B3}.AppStore|x86.ActiveCfg = Release|x86
		{C69FA7BB-29C2-4E97-A63A-5FE7D62601B3}.AppStore|x86.Build.0 = Release|x86
		{C69FA7BB-29C2-4E97-A63A-5FE7D62601B3}.AppStore|x86.Deploy.0 = Release|x86
		{C69FA7BB-29C2-4E97-A63A-5FE7D62601B3}.Debug|Any CPU.ActiveCfg = Debug|Any CPU
		{C69FA7BB-29C2-4E97-A63A-5FE7D62601B3}.Debug|Any CPU.Build.0 = Debug|Any CPU
		{C69FA7BB-29C2-4E97-A63A-5FE7D62601B3}.Debug|Any CPU.Deploy.0 = Debug|Any CPU
		{C69FA7BB-29C2-4E97-A63A-5FE7D62601B3}.Debug|ARM.ActiveCfg = Debug|ARM
		{C69FA7BB-29C2-4E97-A63A-5FE7D62601B3}.Debug|ARM.Build.0 = Debug|ARM
		{C69FA7BB-29C2-4E97-A63A-5FE7D62601B3}.Debug|ARM.Deploy.0 = Debug|ARM
		{C69FA7BB-29C2-4E97-A63A-5FE7D62601B3}.Debug|iPhone.ActiveCfg = Debug|Any CPU
		{C69FA7BB-29C2-4E97-A63A-5FE7D62601B3}.Debug|iPhone.Build.0 = Debug|Any CPU
		{C69FA7BB-29C2-4E97-A63A-5FE7D62601B3}.Debug|iPhone.Deploy.0 = Debug|Any CPU
		{C69FA7BB-29C2-4E97-A63A-5FE7D62601B3}.Debug|iPhoneSimulator.ActiveCfg = Debug|Any CPU
		{C69FA7BB-29C2-4E97-A63A-5FE7D62601B3}.Debug|iPhoneSimulator.Build.0 = Debug|Any CPU
		{C69FA7BB-29C2-4E97-A63A-5FE7D62601B3}.Debug|iPhoneSimulator.Deploy.0 = Debug|Any CPU
		{C69FA7BB-29C2-4E97-A63A-5FE7D62601B3}.Debug|x64.ActiveCfg = Debug|x64
		{C69FA7BB-29C2-4E97-A63A-5FE7D62601B3}.Debug|x64.Build.0 = Debug|x64
		{C69FA7BB-29C2-4E97-A63A-5FE7D62601B3}.Debug|x64.Deploy.0 = Debug|x64
		{C69FA7BB-29C2-4E97-A63A-5FE7D62601B3}.Debug|x86.ActiveCfg = Debug|x86
		{C69FA7BB-29C2-4E97-A63A-5FE7D62601B3}.Debug|x86.Build.0 = Debug|x86
		{C69FA7BB-29C2-4E97-A63A-5FE7D62601B3}.Debug|x86.Deploy.0 = Debug|x86
		{C69FA7BB-29C2-4E97-A63A-5FE7D62601B3}.Release|Any CPU.ActiveCfg = Release|Any CPU
		{C69FA7BB-29C2-4E97-A63A-5FE7D62601B3}.Release|Any CPU.Build.0 = Release|Any CPU
		{C69FA7BB-29C2-4E97-A63A-5FE7D62601B3}.Release|Any CPU.Deploy.0 = Release|Any CPU
		{C69FA7BB-29C2-4E97-A63A-5FE7D62601B3}.Release|ARM.ActiveCfg = Release|ARM
		{C69FA7BB-29C2-4E97-A63A-5FE7D62601B3}.Release|ARM.Build.0 = Release|ARM
		{C69FA7BB-29C2-4E97-A63A-5FE7D62601B3}.Release|ARM.Deploy.0 = Release|ARM
		{C69FA7BB-29C2-4E97-A63A-5FE7D62601B3}.Release|iPhone.ActiveCfg = Release|Any CPU
		{C69FA7BB-29C2-4E97-A63A-5FE7D62601B3}.Release|iPhone.Build.0 = Release|Any CPU
		{C69FA7BB-29C2-4E97-A63A-5FE7D62601B3}.Release|iPhone.Deploy.0 = Release|Any CPU
		{C69FA7BB-29C2-4E97-A63A-5FE7D62601B3}.Release|iPhoneSimulator.ActiveCfg = Release|Any CPU
		{C69FA7BB-29C2-4E97-A63A-5FE7D62601B3}.Release|iPhoneSimulator.Build.0 = Release|Any CPU
		{C69FA7BB-29C2-4E97-A63A-5FE7D62601B3}.Release|iPhoneSimulator.Deploy.0 = Release|Any CPU
		{C69FA7BB-29C2-4E97-A63A-5FE7D62601B3}.Release|x64.ActiveCfg = Release|x64
		{C69FA7BB-29C2-4E97-A63A-5FE7D62601B3}.Release|x64.Build.0 = Release|x64
		{C69FA7BB-29C2-4E97-A63A-5FE7D62601B3}.Release|x64.Deploy.0 = Release|x64
		{C69FA7BB-29C2-4E97-A63A-5FE7D62601B3}.Release|x86.ActiveCfg = Release|x86
		{C69FA7BB-29C2-4E97-A63A-5FE7D62601B3}.Release|x86.Build.0 = Release|x86
		{C69FA7BB-29C2-4E97-A63A-5FE7D62601B3}.Release|x86.Deploy.0 = Release|x86
		{D21C6015-BAA3-4A5E-8249-81512C380A17}.Ad-Hoc|Any CPU.ActiveCfg = Release|Any CPU
		{D21C6015-BAA3-4A5E-8249-81512C380A17}.Ad-Hoc|Any CPU.Build.0 = Release|Any CPU
		{D21C6015-BAA3-4A5E-8249-81512C380A17}.Ad-Hoc|Any CPU.Deploy.0 = Release|Any CPU
		{D21C6015-BAA3-4A5E-8249-81512C380A17}.Ad-Hoc|ARM.ActiveCfg = Release|ARM
		{D21C6015-BAA3-4A5E-8249-81512C380A17}.Ad-Hoc|ARM.Build.0 = Release|ARM
		{D21C6015-BAA3-4A5E-8249-81512C380A17}.Ad-Hoc|ARM.Deploy.0 = Release|ARM
		{D21C6015-BAA3-4A5E-8249-81512C380A17}.Ad-Hoc|iPhone.ActiveCfg = Release|Any CPU
		{D21C6015-BAA3-4A5E-8249-81512C380A17}.Ad-Hoc|iPhone.Build.0 = Release|Any CPU
		{D21C6015-BAA3-4A5E-8249-81512C380A17}.Ad-Hoc|iPhone.Deploy.0 = Release|Any CPU
		{D21C6015-BAA3-4A5E-8249-81512C380A17}.Ad-Hoc|iPhoneSimulator.ActiveCfg = Release|Any CPU
		{D21C6015-BAA3-4A5E-8249-81512C380A17}.Ad-Hoc|iPhoneSimulator.Build.0 = Release|Any CPU
		{D21C6015-BAA3-4A5E-8249-81512C380A17}.Ad-Hoc|iPhoneSimulator.Deploy.0 = Release|Any CPU
		{D21C6015-BAA3-4A5E-8249-81512C380A17}.Ad-Hoc|x64.ActiveCfg = Release|Any CPU
		{D21C6015-BAA3-4A5E-8249-81512C380A17}.Ad-Hoc|x64.Build.0 = Release|Any CPU
		{D21C6015-BAA3-4A5E-8249-81512C380A17}.Ad-Hoc|x64.Deploy.0 = Release|Any CPU
		{D21C6015-BAA3-4A5E-8249-81512C380A17}.Ad-Hoc|x86.ActiveCfg = Release|x86
		{D21C6015-BAA3-4A5E-8249-81512C380A17}.Ad-Hoc|x86.Build.0 = Release|x86
		{D21C6015-BAA3-4A5E-8249-81512C380A17}.Ad-Hoc|x86.Deploy.0 = Release|x86
		{D21C6015-BAA3-4A5E-8249-81512C380A17}.AppStore|Any CPU.ActiveCfg = Release|Any CPU
		{D21C6015-BAA3-4A5E-8249-81512C380A17}.AppStore|Any CPU.Build.0 = Release|Any CPU
		{D21C6015-BAA3-4A5E-8249-81512C380A17}.AppStore|Any CPU.Deploy.0 = Release|Any CPU
		{D21C6015-BAA3-4A5E-8249-81512C380A17}.AppStore|ARM.ActiveCfg = Release|ARM
		{D21C6015-BAA3-4A5E-8249-81512C380A17}.AppStore|ARM.Build.0 = Release|ARM
		{D21C6015-BAA3-4A5E-8249-81512C380A17}.AppStore|ARM.Deploy.0 = Release|ARM
		{D21C6015-BAA3-4A5E-8249-81512C380A17}.AppStore|iPhone.ActiveCfg = Release|Any CPU
		{D21C6015-BAA3-4A5E-8249-81512C380A17}.AppStore|iPhone.Build.0 = Release|Any CPU
		{D21C6015-BAA3-4A5E-8249-81512C380A17}.AppStore|iPhone.Deploy.0 = Release|Any CPU
		{D21C6015-BAA3-4A5E-8249-81512C380A17}.AppStore|iPhoneSimulator.ActiveCfg = Release|Any CPU
		{D21C6015-BAA3-4A5E-8249-81512C380A17}.AppStore|iPhoneSimulator.Build.0 = Release|Any CPU
		{D21C6015-BAA3-4A5E-8249-81512C380A17}.AppStore|iPhoneSimulator.Deploy.0 = Release|Any CPU
		{D21C6015-BAA3-4A5E-8249-81512C380A17}.AppStore|x64.ActiveCfg = Release|Any CPU
		{D21C6015-BAA3-4A5E-8249-81512C380A17}.AppStore|x64.Build.0 = Release|Any CPU
		{D21C6015-BAA3-4A5E-8249-81512C380A17}.AppStore|x64.Deploy.0 = Release|Any CPU
		{D21C6015-BAA3-4A5E-8249-81512C380A17}.AppStore|x86.ActiveCfg = Release|x86
		{D21C6015-BAA3-4A5E-8249-81512C380A17}.AppStore|x86.Build.0 = Release|x86
		{D21C6015-BAA3-4A5E-8249-81512C380A17}.AppStore|x86.Deploy.0 = Release|x86
		{D21C6015-BAA3-4A5E-8249-81512C380A17}.Debug|Any CPU.ActiveCfg = Debug|Any CPU
		{D21C6015-BAA3-4A5E-8249-81512C380A17}.Debug|Any CPU.Build.0 = Debug|Any CPU
		{D21C6015-BAA3-4A5E-8249-81512C380A17}.Debug|Any CPU.Deploy.0 = Debug|Any CPU
		{D21C6015-BAA3-4A5E-8249-81512C380A17}.Debug|ARM.ActiveCfg = Debug|ARM
		{D21C6015-BAA3-4A5E-8249-81512C380A17}.Debug|ARM.Build.0 = Debug|ARM
		{D21C6015-BAA3-4A5E-8249-81512C380A17}.Debug|ARM.Deploy.0 = Debug|ARM
		{D21C6015-BAA3-4A5E-8249-81512C380A17}.Debug|iPhone.ActiveCfg = Debug|Any CPU
		{D21C6015-BAA3-4A5E-8249-81512C380A17}.Debug|iPhone.Build.0 = Debug|Any CPU
		{D21C6015-BAA3-4A5E-8249-81512C380A17}.Debug|iPhone.Deploy.0 = Debug|Any CPU
		{D21C6015-BAA3-4A5E-8249-81512C380A17}.Debug|iPhoneSimulator.ActiveCfg = Debug|Any CPU
		{D21C6015-BAA3-4A5E-8249-81512C380A17}.Debug|iPhoneSimulator.Build.0 = Debug|Any CPU
		{D21C6015-BAA3-4A5E-8249-81512C380A17}.Debug|iPhoneSimulator.Deploy.0 = Debug|Any CPU
		{D21C6015-BAA3-4A5E-8249-81512C380A17}.Debug|x64.ActiveCfg = Debug|Any CPU
		{D21C6015-BAA3-4A5E-8249-81512C380A17}.Debug|x64.Build.0 = Debug|Any CPU
		{D21C6015-BAA3-4A5E-8249-81512C380A17}.Debug|x64.Deploy.0 = Debug|Any CPU
		{D21C6015-BAA3-4A5E-8249-81512C380A17}.Debug|x86.ActiveCfg = Debug|x86
		{D21C6015-BAA3-4A5E-8249-81512C380A17}.Debug|x86.Build.0 = Debug|x86
		{D21C6015-BAA3-4A5E-8249-81512C380A17}.Debug|x86.Deploy.0 = Debug|x86
		{D21C6015-BAA3-4A5E-8249-81512C380A17}.Release|Any CPU.ActiveCfg = Release|Any CPU
		{D21C6015-BAA3-4A5E-8249-81512C380A17}.Release|Any CPU.Build.0 = Release|Any CPU
		{D21C6015-BAA3-4A5E-8249-81512C380A17}.Release|Any CPU.Deploy.0 = Release|Any CPU
		{D21C6015-BAA3-4A5E-8249-81512C380A17}.Release|ARM.ActiveCfg = Release|ARM
		{D21C6015-BAA3-4A5E-8249-81512C380A17}.Release|ARM.Build.0 = Release|ARM
		{D21C6015-BAA3-4A5E-8249-81512C380A17}.Release|ARM.Deploy.0 = Release|ARM
		{D21C6015-BAA3-4A5E-8249-81512C380A17}.Release|iPhone.ActiveCfg = Release|Any CPU
		{D21C6015-BAA3-4A5E-8249-81512C380A17}.Release|iPhone.Build.0 = Release|Any CPU
		{D21C6015-BAA3-4A5E-8249-81512C380A17}.Release|iPhone.Deploy.0 = Release|Any CPU
		{D21C6015-BAA3-4A5E-8249-81512C380A17}.Release|iPhoneSimulator.ActiveCfg = Release|Any CPU
		{D21C6015-BAA3-4A5E-8249-81512C380A17}.Release|iPhoneSimulator.Build.0 = Release|Any CPU
		{D21C6015-BAA3-4A5E-8249-81512C380A17}.Release|iPhoneSimulator.Deploy.0 = Release|Any CPU
		{D21C6015-BAA3-4A5E-8249-81512C380A17}.Release|x64.ActiveCfg = Release|Any CPU
		{D21C6015-BAA3-4A5E-8249-81512C380A17}.Release|x64.Build.0 = Release|Any CPU
		{D21C6015-BAA3-4A5E-8249-81512C380A17}.Release|x64.Deploy.0 = Release|Any CPU
		{D21C6015-BAA3-4A5E-8249-81512C380A17}.Release|x86.ActiveCfg = Release|x86
		{D21C6015-BAA3-4A5E-8249-81512C380A17}.Release|x86.Build.0 = Release|x86
		{D21C6015-BAA3-4A5E-8249-81512C380A17}.Release|x86.Deploy.0 = Release|x86
	EndGlobalSection
	GlobalSection(SolutionProperties) = preSolution
		HideSolutionNode = FALSE
	EndGlobalSection
	GlobalSection(NestedProjects) = preSolution
		{67F9D3A8-F71E-4428-913F-C37AE82CDB24} = {37C77075-57CA-47F7-877B-191B375708A7}
		{795D84D6-76EF-4AA0-BDEE-E99F51F7BF8E} = {4FBC1473-6FB2-4DDC-825A-5F0D325F2C2B}
		{5126C4F3-ACE4-46CD-B47D-BC3CCCEF33A6} = {4FBC1473-6FB2-4DDC-825A-5F0D325F2C2B}
		{AEFB9FD0-7402-46FD-806E-0F293E4BF6B8} = {4FBC1473-6FB2-4DDC-825A-5F0D325F2C2B}
		{C69FA7BB-29C2-4E97-A63A-5FE7D62601B3} = {4FBC1473-6FB2-4DDC-825A-5F0D325F2C2B}
		{D21C6015-BAA3-4A5E-8249-81512C380A17} = {4FBC1473-6FB2-4DDC-825A-5F0D325F2C2B}
	EndGlobalSection
EndGlobal
